
Microsoft Visual Studio Solution File, Format Version 12.00
# Visual Studio Version 17
VisualStudioVersion = 17.4.33205.214
MinimumVisualStudioVersion = 10.0.40219.1
Project("{9A19103F-16F7-4668-BE54-9A1E7A4F7556}") = "CKK.Logic", "CKK.Logic.csproj", "{0A2FC8E1-497F-4DEA-8665-4181C83907AF}"
EndProject
Project("{9A19103F-16F7-4668-BE54-9A1E7A4F7556}") = "CKK.ShoppingCartTests.tests", "Tests\CKK.ShoppingCartTests.tests\CKK.ShoppingCartTests.tests.csproj", "{972FA076-C5E5-4F17-81C2-F0A249B29AC9}"
EndProject
Project("{9A19103F-16F7-4668-BE54-9A1E7A4F7556}") = "CKK.UI", "CKK.UI\CKK.UI.csproj", "{D514622F-84A5-43FA-BDE3-5D2714D79D96}"
EndProject
Project("{9A19103F-16F7-4668-BE54-9A1E7A4F7556}") = "CKK.Persistance", "CKK.Persistance\CKK.Persistance.csproj", "{4C7EE461-DDF7-4E0D-86D5-C5BAFBA71D52}"
EndProject
Project("{FAE04EC0-301F-11D3-BF4B-00C04F79EFBC}") = "CKK.DB", "CKK.DB\CKK.DB.csproj", "{724471BB-9671-4194-A624-24B91AAE6D3B}"
	ProjectSection(ProjectDependencies) = postProject
		{0A2FC8E1-497F-4DEA-8665-4181C83907AF} = {0A2FC8E1-497F-4DEA-8665-4181C83907AF}
		{4C7EE461-DDF7-4E0D-86D5-C5BAFBA71D52} = {4C7EE461-DDF7-4E0D-86D5-C5BAFBA71D52}
	EndProjectSection
EndProject
Global
	GlobalSection(SolutionConfigurationPlatforms) = preSolution
		Debug|Any CPU = Debug|Any CPU
		Release|Any CPU = Release|Any CPU
	EndGlobalSection
	GlobalSection(ProjectConfigurationPlatforms) = postSolution
		{0A2FC8E1-497F-4DEA-8665-4181C83907AF}.Debug|Any CPU.ActiveCfg = Debug|Any CPU
		{0A2FC8E1-497F-4DEA-8665-4181C83907AF}.Debug|Any CPU.Build.0 = Debug|Any CPU
		{0A2FC8E1-497F-4DEA-8665-4181C83907AF}.Release|Any CPU.ActiveCfg = Release|Any CPU
		{0A2FC8E1-497F-4DEA-8665-4181C83907AF}.Release|Any CPU.Build.0 = Release|Any CPU
		{972FA076-C5E5-4F17-81C2-F0A249B29AC9}.Debug|Any CPU.ActiveCfg = Debug|Any CPU
		{972FA076-C5E5-4F17-81C2-F0A249B29AC9}.Debug|Any CPU.Build.0 = Debug|Any CPU
		{972FA076-C5E5-4F17-81C2-F0A249B29AC9}.Release|Any CPU.ActiveCfg = Release|Any CPU
		{972FA076-C5E5-4F17-81C2-F0A249B29AC9}.Release|Any CPU.Build.0 = Release|Any CPU
		{D514622F-84A5-43FA-BDE3-5D2714D79D96}.Debug|Any CPU.ActiveCfg = Debug|Any CPU
		{D514622F-84A5-43FA-BDE3-5D2714D79D96}.Debug|Any CPU.Build.0 = Debug|Any CPU
		{D514622F-84A5-43FA-BDE3-5D2714D79D96}.Release|Any CPU.ActiveCfg = Release|Any CPU
		{D514622F-84A5-43FA-BDE3-5D2714D79D96}.Release|Any CPU.Build.0 = Release|Any CPU
		{4C7EE461-DDF7-4E0D-86D5-C5BAFBA71D52}.Debug|Any CPU.ActiveCfg = Debug|Any CPU
		{4C7EE461-DDF7-4E0D-86D5-C5BAFBA71D52}.Debug|Any CPU.Build.0 = Debug|Any CPU
		{4C7EE461-DDF7-4E0D-86D5-C5BAFBA71D52}.Release|Any CPU.ActiveCfg = Release|Any CPU
		{4C7EE461-DDF7-4E0D-86D5-C5BAFBA71D52}.Release|Any CPU.Build.0 = Release|Any CPU
		{724471BB-9671-4194-A624-24B91AAE6D3B}.Debug|Any CPU.ActiveCfg = Debug|Any CPU
		{724471BB-9671-4194-A624-24B91AAE6D3B}.Debug|Any CPU.Build.0 = Debug|Any CPU
		{724471BB-9671-4194-A624-24B91AAE6D3B}.Release|Any CPU.ActiveCfg = Release|Any CPU
		{724471BB-9671-4194-A624-24B91AAE6D3B}.Release|Any CPU.Build.0 = Release|Any CPU
	EndGlobalSection
	GlobalSection(SolutionProperties) = preSolution
		HideSolutionNode = FALSE
	EndGlobalSection
	GlobalSection(ExtensibilityGlobals) = postSolution
		SolutionGuid = {F02BB2D5-35BF-41F9-A796-1DEF713308DB}
	EndGlobalSection
EndGlobal
