
Microsoft Visual Studio Solution File, Format Version 12.00
# Visual Studio Version 16
VisualStudioVersion = 16.0.33328.57
MinimumVisualStudioVersion = 10.0.40219.1
Project("{FAE04EC0-301F-11D3-BF4B-00C04F79EFBC}") = "CKK.Logic", "CKK.Logic.csproj", "{0A2FC8E1-497F-4DEA-8665-4181C83907AF}"
EndProject
Global
	GlobalSection(SolutionConfigurationPlatforms) = preSolution
		Debug|Any CPU = Debug|Any CPU
		Release|Any CPU = Release|Any CPU
	EndGlobalSection
	GlobalSection(ProjectConfigurationPlatforms) = postSolution
		{0A2FC8E1-497F-4DEA-8665-4181C83907AF}.Debug|Any CPU.ActiveCfg = Debug|Any CPU
		{0A2FC8E1-497F-4DEA-8665-4181C83907AF}.Debug|Any CPU.Build.0 = Debug|Any CPU
		{0A2FC8E1-497F-4DEA-8665-4181C83907AF}.Release|Any CPU.ActiveCfg = Release|Any CPU
		{0A2FC8E1-497F-4DEA-8665-4181C83907AF}.Release|Any CPU.Build.0 = Release|Any CPU
	EndGlobalSection
	GlobalSection(SolutionProperties) = preSolution
		HideSolutionNode = FALSE
	EndGlobalSection
	GlobalSection(ExtensibilityGlobals) = postSolution
		SolutionGuid = {F02BB2D5-35BF-41F9-A796-1DEF713308DB}
	EndGlobalSection
EndGlobal
